
Microsoft Visual Studio Solution File, Format Version 12.00
# Visual Studio Version 17
VisualStudioVersion = 17.11.35327.3
MinimumVisualStudioVersion = 10.0.40219.1
Project("{FAE04EC0-301F-11D3-BF4B-00C04F79EFBC}") = "templateApp", "templateApp\templateApp.csproj", "{E33ABCBF-50B0-48F4-B6EA-FE90438ED870}"
EndProject
Global
	GlobalSection(SolutionConfigurationPlatforms) = preSolution
		Debug|Any CPU = Debug|Any CPU
		Release|Any CPU = Release|Any CPU
	EndGlobalSection
	GlobalSection(ProjectConfigurationPlatforms) = postSolution
		{E33ABCBF-50B0-48F4-B6EA-FE90438ED870}.Debug|Any CPU.ActiveCfg = Debug|Any CPU
		{E33ABCBF-50B0-48F4-B6EA-FE90438ED870}.Debug|Any CPU.Build.0 = Debug|Any CPU
		{E33ABCBF-50B0-48F4-B6EA-FE90438ED870}.Release|Any CPU.ActiveCfg = Release|Any CPU
		{E33ABCBF-50B0-48F4-B6EA-FE90438ED870}.Release|Any CPU.Build.0 = Release|Any CPU
	EndGlobalSection
	GlobalSection(SolutionProperties) = preSolution
		HideSolutionNode = FALSE
	EndGlobalSection
	GlobalSection(ExtensibilityGlobals) = postSolution
		SolutionGuid = {C924AA07-F8C4-43CF-BAF2-1E2A3839B849}
	EndGlobalSection
EndGlobal
