
Microsoft Visual Studio Solution File, Format Version 12.00
# Visual Studio Version 17
VisualStudioVersion = 17.11.35327.3
MinimumVisualStudioVersion = 10.0.40219.1
Project("{FAE04EC0-301F-11D3-BF4B-00C04F79EFBC}") = "UserManagement", "UserManagement\UserManagement.csproj", "{2B517EAD-9C8A-4DEC-95CE-912BA917D686}"
EndProject
Global
	GlobalSection(SolutionConfigurationPlatforms) = preSolution
		Debug|Any CPU = Debug|Any CPU
		Release|Any CPU = Release|Any CPU
	EndGlobalSection
	GlobalSection(ProjectConfigurationPlatforms) = postSolution
		{2B517EAD-9C8A-4DEC-95CE-912BA917D686}.Debug|Any CPU.ActiveCfg = Debug|Any CPU
		{2B517EAD-9C8A-4DEC-95CE-912BA917D686}.Debug|Any CPU.Build.0 = Debug|Any CPU
		{2B517EAD-9C8A-4DEC-95CE-912BA917D686}.Release|Any CPU.ActiveCfg = Release|Any CPU
		{2B517EAD-9C8A-4DEC-95CE-912BA917D686}.Release|Any CPU.Build.0 = Release|Any CPU
	EndGlobalSection
	GlobalSection(SolutionProperties) = preSolution
		HideSolutionNode = FALSE
	EndGlobalSection
	GlobalSection(ExtensibilityGlobals) = postSolution
		SolutionGuid = {AF9A8577-7781-4846-B3ED-406FA478698A}
	EndGlobalSection
EndGlobal
