
Microsoft Visual Studio Solution File, Format Version 12.00
# Visual Studio Version 17
VisualStudioVersion = 17.11.35327.3
MinimumVisualStudioVersion = 10.0.40219.1
Project("{FAE04EC0-301F-11D3-BF4B-00C04F79EFBC}") = "myApp1_empty", "myApp1_empty\myApp1_empty.csproj", "{D3C1A5E0-BB8F-43E7-9A4B-DEE23A9B7DB1}"
EndProject
Global
	GlobalSection(SolutionConfigurationPlatforms) = preSolution
		Debug|Any CPU = Debug|Any CPU
		Release|Any CPU = Release|Any CPU
	EndGlobalSection
	GlobalSection(ProjectConfigurationPlatforms) = postSolution
		{D3C1A5E0-BB8F-43E7-9A4B-DEE23A9B7DB1}.Debug|Any CPU.ActiveCfg = Debug|Any CPU
		{D3C1A5E0-BB8F-43E7-9A4B-DEE23A9B7DB1}.Debug|Any CPU.Build.0 = Debug|Any CPU
		{D3C1A5E0-BB8F-43E7-9A4B-DEE23A9B7DB1}.Release|Any CPU.ActiveCfg = Release|Any CPU
		{D3C1A5E0-BB8F-43E7-9A4B-DEE23A9B7DB1}.Release|Any CPU.Build.0 = Release|Any CPU
	EndGlobalSection
	GlobalSection(SolutionProperties) = preSolution
		HideSolutionNode = FALSE
	EndGlobalSection
	GlobalSection(ExtensibilityGlobals) = postSolution
		SolutionGuid = {2471F1E0-58B3-4E40-A6E4-FA4E5F1ABA3F}
	EndGlobalSection
EndGlobal
